
Microsoft Visual Studio Solution File, Format Version 12.00
# Visual Studio Version 17
VisualStudioVersion = 17.5.33627.172
MinimumVisualStudioVersion = 10.0.40219.1
Project("{FAE04EC0-301F-11D3-BF4B-00C04F79EFBC}") = "AzureAppToCloud", "AzureAppToCloud\AzureAppToCloud.csproj", "{E3B22658-8F87-4ED4-B875-66AF7EF0CA61}"
EndProject
Global
	GlobalSection(SolutionConfigurationPlatforms) = preSolution
		Debug|Any CPU = Debug|Any CPU
		Release|Any CPU = Release|Any CPU
	EndGlobalSection
	GlobalSection(ProjectConfigurationPlatforms) = postSolution
		{E3B22658-8F87-4ED4-B875-66AF7EF0CA61}.Debug|Any CPU.ActiveCfg = Debug|Any CPU
		{E3B22658-8F87-4ED4-B875-66AF7EF0CA61}.Debug|Any CPU.Build.0 = Debug|Any CPU
		{E3B22658-8F87-4ED4-B875-66AF7EF0CA61}.Release|Any CPU.ActiveCfg = Release|Any CPU
		{E3B22658-8F87-4ED4-B875-66AF7EF0CA61}.Release|Any CPU.Build.0 = Release|Any CPU
	EndGlobalSection
	GlobalSection(SolutionProperties) = preSolution
		HideSolutionNode = FALSE
	EndGlobalSection
	GlobalSection(ExtensibilityGlobals) = postSolution
		SolutionGuid = {FBD2237F-9EC2-4CBC-A71D-6CF359AA819D}
	EndGlobalSection
EndGlobal
